
Microsoft Visual Studio Solution File, Format Version 12.00
# Visual Studio Version 16
VisualStudioVersion = 16.0.30011.22
MinimumVisualStudioVersion = 10.0.40219.1
Project("{FAE04EC0-301F-11D3-BF4B-00C04F79EFBC}") = "ChainOfResponsebility", "ChainOfResponsebility.csproj", "{06338A73-DC06-4BE4-BBE8-A4F86B1E0905}"
EndProject
Global
	GlobalSection(SolutionConfigurationPlatforms) = preSolution
		Debug|Any CPU = Debug|Any CPU
		Release|Any CPU = Release|Any CPU
	EndGlobalSection
	GlobalSection(ProjectConfigurationPlatforms) = postSolution
		{06338A73-DC06-4BE4-BBE8-A4F86B1E0905}.Debug|Any CPU.ActiveCfg = Debug|Any CPU
		{06338A73-DC06-4BE4-BBE8-A4F86B1E0905}.Debug|Any CPU.Build.0 = Debug|Any CPU
		{06338A73-DC06-4BE4-BBE8-A4F86B1E0905}.Release|Any CPU.ActiveCfg = Release|Any CPU
		{06338A73-DC06-4BE4-BBE8-A4F86B1E0905}.Release|Any CPU.Build.0 = Release|Any CPU
	EndGlobalSection
	GlobalSection(SolutionProperties) = preSolution
		HideSolutionNode = FALSE
	EndGlobalSection
	GlobalSection(ExtensibilityGlobals) = postSolution
		SolutionGuid = {D20BD4FB-4D66-462E-9D67-7F0CB7E430AB}
	EndGlobalSection
EndGlobal
