
Microsoft Visual Studio Solution File, Format Version 12.00
# Visual Studio Version 16
VisualStudioVersion = 16.0.30011.22
MinimumVisualStudioVersion = 10.0.40219.1
Project("{FAE04EC0-301F-11D3-BF4B-00C04F79EFBC}") = "Bridge", "Bridge.csproj", "{578B07AE-3D7F-425F-8D0D-91ADAFE42E1E}"
EndProject
Global
	GlobalSection(SolutionConfigurationPlatforms) = preSolution
		Debug|Any CPU = Debug|Any CPU
		Release|Any CPU = Release|Any CPU
	EndGlobalSection
	GlobalSection(ProjectConfigurationPlatforms) = postSolution
		{578B07AE-3D7F-425F-8D0D-91ADAFE42E1E}.Debug|Any CPU.ActiveCfg = Debug|Any CPU
		{578B07AE-3D7F-425F-8D0D-91ADAFE42E1E}.Debug|Any CPU.Build.0 = Debug|Any CPU
		{578B07AE-3D7F-425F-8D0D-91ADAFE42E1E}.Release|Any CPU.ActiveCfg = Release|Any CPU
		{578B07AE-3D7F-425F-8D0D-91ADAFE42E1E}.Release|Any CPU.Build.0 = Release|Any CPU
	EndGlobalSection
	GlobalSection(SolutionProperties) = preSolution
		HideSolutionNode = FALSE
	EndGlobalSection
	GlobalSection(ExtensibilityGlobals) = postSolution
		SolutionGuid = {580EA5E1-C4B0-410C-B3E4-4EDCFB08DFDE}
	EndGlobalSection
EndGlobal
